
Microsoft Visual Studio Solution File, Format Version 12.00
# Visual Studio Version 16
VisualStudioVersion = 16.0.29820.132
MinimumVisualStudioVersion = 10.0.40219.1
Project("{FAE04EC0-301F-11D3-BF4B-00C04F79EFBC}") = "WooCommerceOrderPrinter", "WooCommerceOrderPrinter\WooCommerceOrderPrinter.csproj", "{4622542D-DFD1-4D9B-B0EC-88A213856F52}"
EndProject
Global
	GlobalSection(SolutionConfigurationPlatforms) = preSolution
		Debug|Any CPU = Debug|Any CPU
		Debug|x86 = Debug|x86
		Release|Any CPU = Release|Any CPU
		Release|x86 = Release|x86
	EndGlobalSection
	GlobalSection(ProjectConfigurationPlatforms) = postSolution
		{4622542D-DFD1-4D9B-B0EC-88A213856F52}.Debug|Any CPU.ActiveCfg = Debug|Any CPU
		{4622542D-DFD1-4D9B-B0EC-88A213856F52}.Debug|Any CPU.Build.0 = Debug|Any CPU
		{4622542D-DFD1-4D9B-B0EC-88A213856F52}.Debug|x86.ActiveCfg = Debug|x86
		{4622542D-DFD1-4D9B-B0EC-88A213856F52}.Debug|x86.Build.0 = Debug|x86
		{4622542D-DFD1-4D9B-B0EC-88A213856F52}.Release|Any CPU.ActiveCfg = Release|Any CPU
		{4622542D-DFD1-4D9B-B0EC-88A213856F52}.Release|Any CPU.Build.0 = Release|Any CPU
		{4622542D-DFD1-4D9B-B0EC-88A213856F52}.Release|x86.ActiveCfg = Release|x86
		{4622542D-DFD1-4D9B-B0EC-88A213856F52}.Release|x86.Build.0 = Release|x86
	EndGlobalSection
	GlobalSection(SolutionProperties) = preSolution
		HideSolutionNode = FALSE
	EndGlobalSection
	GlobalSection(ExtensibilityGlobals) = postSolution
		SolutionGuid = {2EF7E873-F3C0-4B91-9E9D-06B567B97A7A}
	EndGlobalSection
EndGlobal
